
Microsoft Visual Studio Solution File, Format Version 12.00
Project("{FAE04EC0-301F-11D3-BF4B-00C04F79EFBC}") = "Elite-db", "Elite-db\Elite-db.csproj", "{B99C5BF5-540F-4931-80BF-0E8D24E1F997}"
EndProject
Global
	GlobalSection(SolutionConfigurationPlatforms) = preSolution
		Debug|Any CPU = Debug|Any CPU
		Release|Any CPU = Release|Any CPU
	EndGlobalSection
	GlobalSection(ProjectConfigurationPlatforms) = postSolution
		{B99C5BF5-540F-4931-80BF-0E8D24E1F997}.Debug|Any CPU.ActiveCfg = Debug|Any CPU
		{B99C5BF5-540F-4931-80BF-0E8D24E1F997}.Debug|Any CPU.Build.0 = Debug|Any CPU
		{B99C5BF5-540F-4931-80BF-0E8D24E1F997}.Release|Any CPU.ActiveCfg = Release|Any CPU
		{B99C5BF5-540F-4931-80BF-0E8D24E1F997}.Release|Any CPU.Build.0 = Release|Any CPU
	EndGlobalSection
EndGlobal
